{
  "name": "uxp-headless-ts",
  "version": "1.0.0",
  "lockfileVersion": 2,
  "requires": true,
  "packages": {
    "": {
      "name": "uxp-headless-ts",
      "version": "1.0.0",
      "devDependencies": {
        "uxp-types": "^0.1.2"
      }
    },
    "node_modules/uxp-types": {
      "version": "0.1.2",
      "resolved": "https://registry.npmjs.org/uxp-types/-/uxp-types-0.1.2.tgz",
      "integrity": "sha512-VIjtSC3sG4ElbJ6lZ57tYurQwww53TMF7VGQxpFfrdYBgT8lusPnfvrVQZeabXU3FMfMvHbINccsgwYAIN87/g==",
      "dev": true
    }
  },
  "dependencies": {
    "uxp-types": {
      "version": "0.1.2",
      "resolved": "https://registry.npmjs.org/uxp-types/-/uxp-types-0.1.2.tgz",
      "integrity": "sha512-VIjtSC3sG4ElbJ6lZ57tYurQwww53TMF7VGQxpFfrdYBgT8lusPnfvrVQZeabXU3FMfMvHbINccsgwYAIN87/g==",
      "dev": true
    }
  }
}
